// !$*UTF8*$!
{
	archiveVersion = 1;
	classes = {
	};
	objectVersion = 46;
	objects = {

/* Begin PBXBuildFile section */
		D9AC9F2D1D92FB940066E042 /* main.m in Sources */ = {isa = PBXBuildFile; fileRef = D9AC9F2C1D92FB940066E042 /* main.m */; };
		D9AC9F301D92FB940066E042 /* AppDelegate.m in Sources */ = {isa = PBXBuildFile; fileRef = D9AC9F2F1D92FB940066E042 /* AppDelegate.m */; };
		D9AC9F361D92FB940066E042 /* Main.storyboard in Resources */ = {isa = PBXBuildFile; fileRef = D9AC9F341D92FB940066E042 /* Main.storyboard */; };
		D9AC9F381D92FB940066E042 /* Assets.xcassets in Resources */ = {isa = PBXBuildFile; fileRef = D9AC9F371D92FB940066E042 /* Assets.xcassets */; };
		D9AC9F3B1D92FB940066E042 /* LaunchScreen.storyboard in Resources */ = {isa = PBXBuildFile; fileRef = D9AC9F391D92FB940066E042 /* LaunchScreen.storyboard */; };
		D9BBA6461D93090D00947D08 /* InstaCollectionViewController.m in Sources */ = {isa = PBXBuildFile; fileRef = D9BBA6451D93090D00947D08 /* InstaCollectionViewController.m */; };
		D9BBA6491D93092300947D08 /* InstaCollectionViewCell.m in Sources */ = {isa = PBXBuildFile; fileRef = D9BBA6481D93092300947D08 /* InstaCollectionViewCell.m */; };
		D9BBA64C1D930BD500947D08 /* Photo.m in Sources */ = {isa = PBXBuildFile; fileRef = D9BBA64B1D930BD500947D08 /* Photo.m */; };
		D9BBA64F1D93137500947D08 /* InstaCollectionReusableView.m in Sources */ = {isa = PBXBuildFile; fileRef = D9BBA64E1D93137500947D08 /* InstaCollectionReusableView.m */; };
/* End PBXBuildFile section */

/* Begin PBXFileReference section */
		D9AC9F281D92FB940066E042 /* InstaKilo.app */ = {isa = PBXFileReference; explicitFileType = wrapper.application; includeInIndex = 0; path = InstaKilo.app; sourceTree = BUILT_PRODUCTS_DIR; };
		D9AC9F2C1D92FB940066E042 /* main.m */ = {isa = PBXFileReference; lastKnownFileType = sourcecode.c.objc; path = main.m; sourceTree = "<group>"; };
		D9AC9F2E1D92FB940066E042 /* AppDelegate.h */ = {isa = PBXFileReference; lastKnownFileType = sourcecode.c.h; path = AppDelegate.h; sourceTree = "<group>"; };
		D9AC9F2F1D92FB940066E042 /* AppDelegate.m */ = {isa = PBXFileReference; lastKnownFileType = sourcecode.c.objc; path = AppDelegate.m; sourceTree = "<group>"; };
		D9AC9F351D92FB940066E042 /* Base */ = {isa = PBXFileReference; lastKnownFileType = file.storyboard; name = Base; path = Base.lproj/Main.storyboard; sourceTree = "<group>"; };
		D9AC9F371D92FB940066E042 /* Assets.xcassets */ = {isa = PBXFileReference; lastKnownFileType = folder.assetcatalog; path = Assets.xcassets; sourceTree = "<group>"; };
		D9AC9F3A1D92FB940066E042 /* Base */ = {isa = PBXFileReference; lastKnownFileType = file.storyboard; name = Base; path = Base.lproj/LaunchScreen.storyboard; sourceTree = "<group>"; };
		D9AC9F3C1D92FB940066E042 /* Info.plist */ = {isa = PBXFileReference; lastKnownFileType = text.plist.xml; path = Info.plist; sourceTree = "<group>"; };
		D9BBA6441D93090D00947D08 /* InstaCollectionViewController.h */ = {isa = PBXFileReference; fileEncoding = 4; lastKnownFileType = sourcecode.c.h; path = InstaCollectionViewController.h; sourceTree = "<group>"; };
		D9BBA6451D93090D00947D08 /* InstaCollectionViewController.m */ = {isa = PBXFileReference; fileEncoding = 4; lastKnownFileType = sourcecode.c.objc; path = InstaCollectionViewController.m; sourceTree = "<group>"; };
		D9BBA6471D93092300947D08 /* InstaCollectionViewCell.h */ = {isa = PBXFileReference; fileEncoding = 4; lastKnownFileType = sourcecode.c.h; path = InstaCollectionViewCell.h; sourceTree = "<group>"; };
		D9BBA6481D93092300947D08 /* InstaCollectionViewCell.m */ = {isa = PBXFileReference; fileEncoding = 4; lastKnownFileType = sourcecode.c.objc; path = InstaCollectionViewCell.m; sourceTree = "<group>"; };
		D9BBA64A1D930BD500947D08 /* Photo.h */ = {isa = PBXFileReference; fileEncoding = 4; lastKnownFileType = sourcecode.c.h; path = Photo.h; sourceTree = "<group>"; };
		D9BBA64B1D930BD500947D08 /* Photo.m */ = {isa = PBXFileReference; fileEncoding = 4; lastKnownFileType = sourcecode.c.objc; path = Photo.m; sourceTree = "<group>"; };
		D9BBA64D1D93137500947D08 /* InstaCollectionReusableView.h */ = {isa = PBXFileReference; fileEncoding = 4; lastKnownFileType = sourcecode.c.h; path = InstaCollectionReusableView.h; sourceTree = "<group>"; };
		D9BBA64E1D93137500947D08 /* InstaCollectionReusableView.m */ = {isa = PBXFileReference; fileEncoding = 4; lastKnownFileType = sourcecode.c.objc; path = InstaCollectionReusableView.m; sourceTree = "<group>"; };
/* End PBXFileReference section */

/* Begin PBXFrameworksBuildPhase section */
		D9AC9F251D92FB940066E042 /* Frameworks */ = {
			isa = PBXFrameworksBuildPhase;
			buildActionMask = 2147483647;
			files = (
			);
			runOnlyForDeploymentPostprocessing = 0;
		};
/* End PBXFrameworksBuildPhase section */

/* Begin PBXGroup section */
		D9AC9F1F1D92FB940066E042 = {
			isa = PBXGroup;
			children = (
				D9AC9F2A1D92FB940066E042 /* InstaKilo */,
				D9AC9F291D92FB940066E042 /* Products */,
			);
			sourceTree = "<group>";
		};
		D9AC9F291D92FB940066E042 /* Products */ = {
			isa = PBXGroup;
			children = (
				D9AC9F281D92FB940066E042 /* InstaKilo.app */,
			);
			name = Products;
			sourceTree = "<group>";
		};
		D9AC9F2A1D92FB940066E042 /* InstaKilo */ = {
			isa = PBXGroup;
			children = (
				D9AC9F2B1D92FB940066E042 /* Supporting Files */,
				D9AC9F341D92FB940066E042 /* Main.storyboard */,
				D9BBA6441D93090D00947D08 /* InstaCollectionViewController.h */,
				D9BBA6451D93090D00947D08 /* InstaCollectionViewController.m */,
				D9BBA6471D93092300947D08 /* InstaCollectionViewCell.h */,
				D9BBA6481D93092300947D08 /* InstaCollectionViewCell.m */,
				D9BBA64A1D930BD500947D08 /* Photo.h */,
				D9BBA64B1D930BD500947D08 /* Photo.m */,
				D9BBA64D1D93137500947D08 /* InstaCollectionReusableView.h */,
				D9BBA64E1D93137500947D08 /* InstaCollectionReusableView.m */,
			);
			path = InstaKilo;
			sourceTree = "<group>";
		};
		D9AC9F2B1D92FB940066E042 /* Supporting Files */ = {
			isa = PBXGroup;
			children = (
				D9AC9F2E1D92FB940066E042 /* AppDelegate.h */,
				D9AC9F2F1D92FB940066E042 /* AppDelegate.m */,
				D9AC9F371D92FB940066E042 /* Assets.xcassets */,
				D9AC9F391D92FB940066E042 /* LaunchScreen.storyboard */,
				D9AC9F3C1D92FB940066E042 /* Info.plist */,
				D9AC9F2C1D92FB940066E042 /* main.m */,
			);
			name = "Supporting Files";
			sourceTree = "<group>";
		};
/* End PBXGroup section */

/* Begin PBXNativeTarget section */
		D9AC9F271D92FB940066E042 /* InstaKilo */ = {
			isa = PBXNativeTarget;
			buildConfigurationList = D9AC9F3F1D92FB940066E042 /* Build configuration list for PBXNativeTarget "InstaKilo" */;
			buildPhases = (
				D9AC9F241D92FB940066E042 /* Sources */,
				D9AC9F251D92FB940066E042 /* Frameworks */,
				D9AC9F261D92FB940066E042 /* Resources */,
			);
			buildRules = (
			);
			dependencies = (
			);
			name = InstaKilo;
			productName = InstaKilo;
			productReference = D9AC9F281D92FB940066E042 /* InstaKilo.app */;
			productType = "com.apple.product-type.application";
		};
/* End PBXNativeTarget section */

/* Begin PBXProject section */
		D9AC9F201D92FB940066E042 /* Project object */ = {
			isa = PBXProject;
			attributes = {
				LastUpgradeCheck = 0800;
				ORGANIZATIONNAME = "Dan Christal";
				TargetAttributes = {
					D9AC9F271D92FB940066E042 = {
						CreatedOnToolsVersion = 8.0;
						DevelopmentTeam = MV6A58NLUE;
						ProvisioningStyle = Automatic;
					};
				};
			};
			buildConfigurationList = D9AC9F231D92FB940066E042 /* Build configuration list for PBXProject "InstaKilo" */;
			compatibilityVersion = "Xcode 3.2";
			developmentRegion = English;
			hasScannedForEncodings = 0;
			knownRegions = (
				en,
				Base,
			);
			mainGroup = D9AC9F1F1D92FB940066E042;
			productRefGroup = D9AC9F291D92FB940066E042 /* Products */;
			projectDirPath = "";
			projectRoot = "";
			targets = (
				D9AC9F271D92FB940066E042 /* InstaKilo */,
			);
		};
/* End PBXProject section */

/* Begin PBXResourcesBuildPhase section */
		D9AC9F261D92FB940066E042 /* Resources */ = {
			isa = PBXResourcesBuildPhase;
			buildActionMask = 2147483647;
			files = (
				D9AC9F3B1D92FB940066E042 /* LaunchScreen.storyboard in Resources */,
				D9AC9F381D92FB940066E042 /* Assets.xcassets in Resources */,
				D9AC9F361D92FB940066E042 /* Main.storyboard in Resources */,
			);
			runOnlyForDeploymentPostprocessing = 0;
		};
/* End PBXResourcesBuildPhase section */

/* Begin PBXSourcesBuildPhase section */
		D9AC9F241D92FB940066E042 /* Sources */ = {
			isa = PBXSourcesBuildPhase;
			buildActionMask = 2147483647;
			files = (
				D9BBA6461D93090D00947D08 /* InstaCollectionViewController.m in Sources */,
				D9BBA64F1D93137500947D08 /* InstaCollectionReusableView.m in Sources */,
				D9AC9F301D92FB940066E042 /* AppDelegate.m in Sources */,
				D9BBA6491D93092300947D08 /* InstaCollectionViewCell.m in Sources */,
				D9BBA64C1D930BD500947D08 /* Photo.m in Sources */,
				D9AC9F2D1D92FB940066E042 /* main.m in Sources */,
			);
			runOnlyForDeploymentPostprocessing = 0;
		};
/* End PBXSourcesBuildPhase section */

/* Begin PBXVariantGroup section */
		D9AC9F341D92FB940066E042 /* Main.storyboard */ = {
			isa = PBXVariantGroup;
			children = (
				D9AC9F351D92FB940066E042 /* Base */,
			);
			name = Main.storyboard;
			sourceTree = "<group>";
		};
		D9AC9F391D92FB940066E042 /* LaunchScreen.storyboard */ = {
			isa = PBXVariantGroup;
			children = (
				D9AC9F3A1D92FB940066E042 /* Base */,
			);
			name = LaunchScreen.storyboard;
			sourceTree = "<group>";
		};
/* End PBXVariantGroup section */

/* Begin XCBuildConfiguration section */
		D9AC9F3D1D92FB940066E042 /* Debug */ = {
			isa = XCBuildConfiguration;
			buildSettings = {
				ALWAYS_SEARCH_USER_PATHS = NO;
				CLANG_ANALYZER_NONNULL = YES;
				CLANG_CXX_LANGUAGE_STANDARD = "gnu++0x";
				CLANG_CXX_LIBRARY = "libc++";
				CLANG_ENABLE_MODULES = YES;
				CLANG_ENABLE_OBJC_ARC = YES;
				CLANG_WARN_BOOL_CONVERSION = YES;
				CLANG_WARN_CONSTANT_CONVERSION = YES;
				CLANG_WARN_DIRECT_OBJC_ISA_USAGE = YES_ERROR;
				CLANG_WARN_DOCUMENTATION_COMMENTS = YES;
				CLANG_WARN_EMPTY_BODY = YES;
				CLANG_WARN_ENUM_CONVERSION = YES;
				CLANG_WARN_INFINITE_RECURSION = YES;
				CLANG_WARN_INT_CONVERSION = YES;
				CLANG_WARN_OBJC_ROOT_CLASS = YES_ERROR;
				CLANG_WARN_SUSPICIOUS_MOVES = YES;
				CLANG_WARN_UNREACHABLE_CODE = YES;
				CLANG_WARN__DUPLICATE_METHOD_MATCH = YES;
				"CODE_SIGN_IDENTITY[sdk=iphoneos*]" = "iPhone Developer";
				COPY_PHASE_STRIP = NO;
				DEBUG_INFORMATION_FORMAT = dwarf;
				ENABLE_STRICT_OBJC_MSGSEND = YES;
				ENABLE_TESTABILITY = YES;
				GCC_C_LANGUAGE_STANDARD = gnu99;
				GCC_DYNAMIC_NO_PIC = NO;
				GCC_NO_COMMON_BLOCKS = YES;
				GCC_OPTIMIZATION_LEVEL = 0;
				GCC_PREPROCESSOR_DEFINITIONS = (
					"DEBUG=1",
					"$(inherited)",
				);
				GCC_WARN_64_TO_32_BIT_CONVERSION = YES;
				GCC_WARN_ABOUT_RETURN_TYPE = YES_ERROR;
				GCC_WARN_UNDECLARED_SELECTOR = YES;
				GCC_WARN_UNINITIALIZED_AUTOS = YES_AGGRESSIVE;
				GCC_WARN_UNUSED_FUNCTION = YES;
				GCC_WARN_UNUSED_VARIABLE = YES;
				IPHONEOS_DEPLOYMENT_TARGET = 10.0;
				MTL_ENABLE_DEBUG_INFO = YES;
				ONLY_ACTIVE_ARCH = YES;
				SDKROOT = iphoneos;
			};
			name = Debug;
		};
		D9AC9F3E1D92FB940066E042 /* Release */ = {
			isa = XCBuildConfiguration;
			buildSettings = {
				ALWAYS_SEARCH_USER_PATHS = NO;
				CLANG_ANALYZER_NONNULL = YES;
				CLANG_CXX_LANGUAGE_STANDARD = "gnu++0x";
				CLANG_CXX_LIBRARY = "libc++";
				CLANG_ENABLE_MODULES = YES;
				CLANG_ENABLE_OBJC_ARC = YES;
				CLANG_WARN_BOOL_CONVERSION = YES;
				CLANG_WARN_CONSTANT_CONVERSION = YES;
				CLANG_WARN_DIRECT_OBJC_ISA_USAGE = YES_ERROR;
				CLANG_WARN_DOCUMENTATION_COMMENTS = YES;
				CLANG_WARN_EMPTY_BODY = YES;
				CLANG_WARN_ENUM_CONVERSION = YES;
				CLANG_WARN_INFINITE_RECURSION = YES;
				CLANG_WARN_INT_CONVERSION = YES;
				CLANG_WARN_OBJC_ROOT_CLASS = YES_ERROR;
				CLANG_WARN_SUSPICIOUS_MOVES = YES;
				CLANG_WARN_UNREACHABLE_CODE = YES;
				CLANG_WARN__DUPLICATE_METHOD_MATCH = YES;
				"CODE_SIGN_IDENTITY[sdk=iphoneos*]" = "iPhone Developer";
				COPY_PHASE_STRIP = NO;
				DEBUG_INFORMATION_FORMAT = "dwarf-with-dsym";
				ENABLE_NS_ASSERTIONS = NO;
				ENABLE_STRICT_OBJC_MSGSEND = YES;
				GCC_C_LANGUAGE_STANDARD = gnu99;
				GCC_NO_COMMON_BLOCKS = YES;
				GCC_WARN_64_TO_32_BIT_CONVERSION = YES;
				GCC_WARN_ABOUT_RETURN_TYPE = YES_ERROR;
				GCC_WARN_UNDECLARED_SELECTOR = YES;
				GCC_WARN_UNINITIALIZED_AUTOS = YES_AGGRESSIVE;
				GCC_WARN_UNUSED_FUNCTION = YES;
				GCC_WARN_UNUSED_VARIABLE = YES;
				IPHONEOS_DEPLOYMENT_TARGET = 10.0;
				MTL_ENABLE_DEBUG_INFO = NO;
				SDKROOT = iphoneos;
				VALIDATE_PRODUCT = YES;
			};
			name = Release;
		};
		D9AC9F401D92FB940066E042 /* Debug */ = {
			isa = XCBuildConfiguration;
			buildSettings = {
				ASSETCATALOG_COMPILER_APPICON_NAME = AppIcon;
				DEVELOPMENT_TEAM = MV6A58NLUE;
				INFOPLIST_FILE = InstaKilo/Info.plist;
				LD_RUNPATH_SEARCH_PATHS = "$(inherited) @executable_path/Frameworks";
				PRODUCT_BUNDLE_IDENTIFIER = com.kidsmoke.InstaKilo;
				PRODUCT_NAME = "$(TARGET_NAME)";
			};
			name = Debug;
		};
		D9AC9F411D92FB940066E042 /* Release */ = {
			isa = XCBuildConfiguration;
			buildSettings = {
				ASSETCATALOG_COMPILER_APPICON_NAME = AppIcon;
				DEVELOPMENT_TEAM = MV6A58NLUE;
				INFOPLIST_FILE = InstaKilo/Info.plist;
				LD_RUNPATH_SEARCH_PATHS = "$(inherited) @executable_path/Frameworks";
				PRODUCT_BUNDLE_IDENTIFIER = com.kidsmoke.InstaKilo;
				PRODUCT_NAME = "$(TARGET_NAME)";
			};
			name = Release;
		};
/* End XCBuildConfiguration section */

/* Begin XCConfigurationList section */
		D9AC9F231D92FB940066E042 /* Build configuration list for PBXProject "InstaKilo" */ = {
			isa = XCConfigurationList;
			buildConfigurations = (
				D9AC9F3D1D92FB940066E042 /* Debug */,
				D9AC9F3E1D92FB940066E042 /* Release */,
			);
			defaultConfigurationIsVisible = 0;
			defaultConfigurationName = Release;
		};
		D9AC9F3F1D92FB940066E042 /* Build configuration list for PBXNativeTarget "InstaKilo" */ = {
			isa = XCConfigurationList;
			buildConfigurations = (
				D9AC9F401D92FB940066E042 /* Debug */,
				D9AC9F411D92FB940066E042 /* Release */,
			);
			defaultConfigurationIsVisible = 0;
			defaultConfigurationName = Release;
		};
/* End XCConfigurationList section */
	};
	rootObject = D9AC9F201D92FB940066E042 /* Project object */;
}
